
Microsoft Visual Studio Solution File, Format Version 12.00
# Visual Studio Version 16
VisualStudioVersion = 16.0.33927.289
MinimumVisualStudioVersion = 10.0.40219.1
Project("{2150E333-8FDC-42A3-9474-1A3956D46DE8}") = "Task0", "Task0", "{6E01F47F-3F02-4081-A4A8-72D19EDBA0EA}"
EndProject
Project("{FAE04EC0-301F-11D3-BF4B-00C04F79EFBC}") = "Tyuiu.DevjatkovaAA.Sprint4.Task0.V2", "Tyuiu.DevjatkovaAA.Sprint4.Task0.V2\Tyuiu.DevjatkovaAA.Sprint4.Task0.V2.csproj", "{966AEA0E-024D-4DDB-B71D-6B2F7DA2A1F4}"
EndProject
Project("{FAE04EC0-301F-11D3-BF4B-00C04F79EFBC}") = "Tyuiu.DevjatkovaAA.Sprint4.Task0.V2.Lib", "Tyuiu.DevjatkovaAA.Sprint4.Task0.V2.Lib\Tyuiu.DevjatkovaAA.Sprint4.Task0.V2.Lib.csproj", "{6C114F02-C265-47F9-8F39-F81B6B120069}"
EndProject
Project("{FAE04EC0-301F-11D3-BF4B-00C04F79EFBC}") = "Tyuiu.DevjatkovaAA.Sprint4.Task0.V2.Test", "Tyuiu.DevjatkovaAA.Sprint4.Task0.V2.Test\Tyuiu.DevjatkovaAA.Sprint4.Task0.V2.Test.csproj", "{BD4E2145-A175-4337-B619-F7B36E119DBD}"
EndProject
Project("{2150E333-8FDC-42A3-9474-1A3956D46DE8}") = "Task1", "Task1", "{A93905C7-C705-44F2-B012-A514D9F932F1}"
EndProject
Project("{FAE04EC0-301F-11D3-BF4B-00C04F79EFBC}") = "Tyuiu.DevjatkovaAA.Sprint4.Task1.V30", "Tyuiu.DevjatkovaAA.Sprint4.Task1.V30\Tyuiu.DevjatkovaAA.Sprint4.Task1.V30.csproj", "{7B12A760-212F-4AAA-97DA-72D518FA67C8}"
EndProject
Project("{FAE04EC0-301F-11D3-BF4B-00C04F79EFBC}") = "Tyuiu.DevjatkovaAA.Sprint4.Task1.V30.Lib", "Tyuiu.DevjatkovaAA.Sprint4.Task1.V30.Lib\Tyuiu.DevjatkovaAA.Sprint4.Task1.V30.Lib.csproj", "{C552C5CC-60F6-4B9D-973D-B5FEFD3E9BB1}"
EndProject
Project("{FAE04EC0-301F-11D3-BF4B-00C04F79EFBC}") = "Tyuiu.DevjatkovaAA.Sprint4.Task1.V30.Test", "Tyuiu.DevjatkovaAA.Sprint4.Task1.V30.Test\Tyuiu.DevjatkovaAA.Sprint4.Task1.V30.Test.csproj", "{CBCE9832-728F-4C36-B9E2-F313A83129B3}"
EndProject
Project("{2150E333-8FDC-42A3-9474-1A3956D46DE8}") = "Task3", "Task3", "{D2E6E0A0-AA17-4124-B562-4B9E350F7E62}"
EndProject
Project("{FAE04EC0-301F-11D3-BF4B-00C04F79EFBC}") = "Tyuiu.DevjatkovaAA.Sprint4.Task3.V23", "Tyuiu.DevjatkovaAA.Sprint4.Task3.V23\Tyuiu.DevjatkovaAA.Sprint4.Task3.V23.csproj", "{84228EE8-0235-4BEA-965E-23BDD18AFDF9}"
EndProject
Project("{FAE04EC0-301F-11D3-BF4B-00C04F79EFBC}") = "Tyuiu.DevjatkovaAA.Sprint4.Task3.V23.Lib", "Tyuiu.DevjatkovaAA.Sprint4.Task3.V23.Lib\Tyuiu.DevjatkovaAA.Sprint4.Task3.V23.Lib.csproj", "{94B018B4-0318-4D52-B403-2FC0308F6C98}"
EndProject
Project("{FAE04EC0-301F-11D3-BF4B-00C04F79EFBC}") = "Tyuiu.DevjatkovaAA.Sprint4.Task3.V23.Test", "Tyuiu.DevjatkovaAA.Sprint4.Task3.V23.Test\Tyuiu.DevjatkovaAA.Sprint4.Task3.V23.Test.csproj", "{42A712E6-B81B-4902-8178-4A6FB2B0E61B}"
EndProject
Project("{2150E333-8FDC-42A3-9474-1A3956D46DE8}") = "Task4", "Task4", "{4AD758D3-52DC-408C-B9EB-203E9E85322D}"
EndProject
Project("{FAE04EC0-301F-11D3-BF4B-00C04F79EFBC}") = "Tyuiu.DevjatkovaAA.Sprint4.Task4.V30", "Tyuiu.DevjatkovaAA.Sprint4.Task4.V30\Tyuiu.DevjatkovaAA.Sprint4.Task4.V30.csproj", "{D8707D76-120D-4E01-8CF6-C40421208374}"
EndProject
Project("{FAE04EC0-301F-11D3-BF4B-00C04F79EFBC}") = "Tyuiu.DevjatkovaAA.Sprint4.Task4.V30.Lib", "Tyuiu.DevjatkovaAA.Sprint4.Task4.V30.Lib\Tyuiu.DevjatkovaAA.Sprint4.Task4.V30.Lib.csproj", "{1972E1E5-4F20-4DA3-97FF-4A58E5A7E2DC}"
EndProject
Project("{FAE04EC0-301F-11D3-BF4B-00C04F79EFBC}") = "Tyuiu.DevjatkovaAA.Sprint4.Task4.V30.Test", "Tyuiu.DevjatkovaAA.Sprint4.Task4.V30.Test\Tyuiu.DevjatkovaAA.Sprint4.Task4.V30.Test.csproj", "{E6526226-9CF5-45B4-AC61-3490DF9FEB01}"
EndProject
Project("{2150E333-8FDC-42A3-9474-1A3956D46DE8}") = "Task5", "Task5", "{B8D12CF8-5ED3-4529-8366-F083632832D9}"
EndProject
Project("{FAE04EC0-301F-11D3-BF4B-00C04F79EFBC}") = "Tyuiu.DevjatkovaAA.Sprint4.Task5.V18", "Tyuiu.DevjatkovaAA.Sprint4.Task5.V18\Tyuiu.DevjatkovaAA.Sprint4.Task5.V18.csproj", "{29770EC3-3247-433B-B08C-A01CE4179537}"
EndProject
Project("{FAE04EC0-301F-11D3-BF4B-00C04F79EFBC}") = "Tyuiu.DevjatkovaAA.Sprint4.Task5.V18.Lib", "Tyuiu.DevjatkovaAA.Sprint4.Task5.V18.Lib\Tyuiu.DevjatkovaAA.Sprint4.Task5.V18.Lib.csproj", "{ECE3F433-CA63-412D-8926-0C2E5D980972}"
EndProject
Project("{FAE04EC0-301F-11D3-BF4B-00C04F79EFBC}") = "Tyuiu.DevjatkovaAA.Sprint4.Task5.V18.Test", "Tyuiu.DevjatkovaAA.Sprint4.Task5.V18.Test\Tyuiu.DevjatkovaAA.Sprint4.Task5.V18.Test.csproj", "{1CA92199-D3B6-4FBB-A5E1-083C16ED6105}"
EndProject
Project("{2150E333-8FDC-42A3-9474-1A3956D46DE8}") = "Task6", "Task6", "{1575A937-5C50-4B54-9293-93C9B5A425A2}"
EndProject
Project("{FAE04EC0-301F-11D3-BF4B-00C04F79EFBC}") = "Tyuiu.DevjatkovaAA.Sprint4.Task6.V2", "Tyuiu.DevjatkovaAA.Sprint4.Task6.V2\Tyuiu.DevjatkovaAA.Sprint4.Task6.V2.csproj", "{6CE0EBBF-DCB4-4B2D-B54E-129BE26C9CAD}"
EndProject
Project("{FAE04EC0-301F-11D3-BF4B-00C04F79EFBC}") = "Tyuiu.DevjatkovaAA.Sprint4.Task6.V2.Lib", "Tyuiu.DevjatkovaAA.Sprint4.Task6.V2.Lib\Tyuiu.DevjatkovaAA.Sprint4.Task6.V2.Lib.csproj", "{276F1FAA-7BD7-4330-AA84-6CD6F9D2A047}"
EndProject
Project("{FAE04EC0-301F-11D3-BF4B-00C04F79EFBC}") = "Tyuiu.DevjatkovaAA.Sprint4.Task6.V2.Test", "Tyuiu.DevjatkovaAA.Sprint4.Task6.V2.Test\Tyuiu.DevjatkovaAA.Sprint4.Task6.V2.Test.csproj", "{24FCDDF3-2F80-42EC-AFCB-31F29E403C00}"
EndProject
Project("{2150E333-8FDC-42A3-9474-1A3956D46DE8}") = "Task2", "Task2", "{47240A12-6B00-4741-813A-C8C24FA19D09}"
EndProject
Project("{FAE04EC0-301F-11D3-BF4B-00C04F79EFBC}") = "Tyuiu.DevjatkovaAA.Sprint4.Task2.V24", "Tyuiu.DevjatkovaAA.Sprint4.Task2.V24\Tyuiu.DevjatkovaAA.Sprint4.Task2.V24.csproj", "{E28ACEFD-B863-4D44-9680-10605BEC1C0D}"
EndProject
Project("{FAE04EC0-301F-11D3-BF4B-00C04F79EFBC}") = "Tyuiu.DevjatkovaAA.Sprint4.Task2.V24.Lib", "Tyuiu.DevjatkovaAA.Sprint4.Task2.V24.Lib\Tyuiu.DevjatkovaAA.Sprint4.Task2.V24.Lib.csproj", "{F3CDD49E-0755-425D-96DD-AAC47C09C93C}"
EndProject
Project("{FAE04EC0-301F-11D3-BF4B-00C04F79EFBC}") = "Tyuiu.DevjatkovaAA.Sprint4.Task2.V24.Test", "Tyuiu.DevjatkovaAA.Sprint4.Task2.V24.Test\Tyuiu.DevjatkovaAA.Sprint4.Task2.V24.Test.csproj", "{E403D8F1-F80A-440D-9E0E-DF4A3C8715DE}"
EndProject
Global
	GlobalSection(SolutionConfigurationPlatforms) = preSolution
		Debug|Any CPU = Debug|Any CPU
		Release|Any CPU = Release|Any CPU
	EndGlobalSection
	GlobalSection(ProjectConfigurationPlatforms) = postSolution
		{966AEA0E-024D-4DDB-B71D-6B2F7DA2A1F4}.Debug|Any CPU.ActiveCfg = Debug|Any CPU
		{966AEA0E-024D-4DDB-B71D-6B2F7DA2A1F4}.Debug|Any CPU.Build.0 = Debug|Any CPU
		{966AEA0E-024D-4DDB-B71D-6B2F7DA2A1F4}.Release|Any CPU.ActiveCfg = Release|Any CPU
		{966AEA0E-024D-4DDB-B71D-6B2F7DA2A1F4}.Release|Any CPU.Build.0 = Release|Any CPU
		{6C114F02-C265-47F9-8F39-F81B6B120069}.Debug|Any CPU.ActiveCfg = Debug|Any CPU
		{6C114F02-C265-47F9-8F39-F81B6B120069}.Debug|Any CPU.Build.0 = Debug|Any CPU
		{6C114F02-C265-47F9-8F39-F81B6B120069}.Release|Any CPU.ActiveCfg = Release|Any CPU
		{6C114F02-C265-47F9-8F39-F81B6B120069}.Release|Any CPU.Build.0 = Release|Any CPU
		{BD4E2145-A175-4337-B619-F7B36E119DBD}.Debug|Any CPU.ActiveCfg = Debug|Any CPU
		{BD4E2145-A175-4337-B619-F7B36E119DBD}.Debug|Any CPU.Build.0 = Debug|Any CPU
		{BD4E2145-A175-4337-B619-F7B36E119DBD}.Release|Any CPU.ActiveCfg = Release|Any CPU
		{BD4E2145-A175-4337-B619-F7B36E119DBD}.Release|Any CPU.Build.0 = Release|Any CPU
		{7B12A760-212F-4AAA-97DA-72D518FA67C8}.Debug|Any CPU.ActiveCfg = Debug|Any CPU
		{7B12A760-212F-4AAA-97DA-72D518FA67C8}.Debug|Any CPU.Build.0 = Debug|Any CPU
		{7B12A760-212F-4AAA-97DA-72D518FA67C8}.Release|Any CPU.ActiveCfg = Release|Any CPU
		{7B12A760-212F-4AAA-97DA-72D518FA67C8}.Release|Any CPU.Build.0 = Release|Any CPU
		{C552C5CC-60F6-4B9D-973D-B5FEFD3E9BB1}.Debug|Any CPU.ActiveCfg = Debug|Any CPU
		{C552C5CC-60F6-4B9D-973D-B5FEFD3E9BB1}.Debug|Any CPU.Build.0 = Debug|Any CPU
		{C552C5CC-60F6-4B9D-973D-B5FEFD3E9BB1}.Release|Any CPU.ActiveCfg = Release|Any CPU
		{C552C5CC-60F6-4B9D-973D-B5FEFD3E9BB1}.Release|Any CPU.Build.0 = Release|Any CPU
		{CBCE9832-728F-4C36-B9E2-F313A83129B3}.Debug|Any CPU.ActiveCfg = Debug|Any CPU
		{CBCE9832-728F-4C36-B9E2-F313A83129B3}.Debug|Any CPU.Build.0 = Debug|Any CPU
		{CBCE9832-728F-4C36-B9E2-F313A83129B3}.Release|Any CPU.ActiveCfg = Release|Any CPU
		{CBCE9832-728F-4C36-B9E2-F313A83129B3}.Release|Any CPU.Build.0 = Release|Any CPU
		{84228EE8-0235-4BEA-965E-23BDD18AFDF9}.Debug|Any CPU.ActiveCfg = Debug|Any CPU
		{84228EE8-0235-4BEA-965E-23BDD18AFDF9}.Debug|Any CPU.Build.0 = Debug|Any CPU
		{84228EE8-0235-4BEA-965E-23BDD18AFDF9}.Release|Any CPU.ActiveCfg = Release|Any CPU
		{84228EE8-0235-4BEA-965E-23BDD18AFDF9}.Release|Any CPU.Build.0 = Release|Any CPU
		{94B018B4-0318-4D52-B403-2FC0308F6C98}.Debug|Any CPU.ActiveCfg = Debug|Any CPU
		{94B018B4-0318-4D52-B403-2FC0308F6C98}.Debug|Any CPU.Build.0 = Debug|Any CPU
		{94B018B4-0318-4D52-B403-2FC0308F6C98}.Release|Any CPU.ActiveCfg = Release|Any CPU
		{94B018B4-0318-4D52-B403-2FC0308F6C98}.Release|Any CPU.Build.0 = Release|Any CPU
		{42A712E6-B81B-4902-8178-4A6FB2B0E61B}.Debug|Any CPU.ActiveCfg = Debug|Any CPU
		{42A712E6-B81B-4902-8178-4A6FB2B0E61B}.Debug|Any CPU.Build.0 = Debug|Any CPU
		{42A712E6-B81B-4902-8178-4A6FB2B0E61B}.Release|Any CPU.ActiveCfg = Release|Any CPU
		{42A712E6-B81B-4902-8178-4A6FB2B0E61B}.Release|Any CPU.Build.0 = Release|Any CPU
		{D8707D76-120D-4E01-8CF6-C40421208374}.Debug|Any CPU.ActiveCfg = Debug|Any CPU
		{D8707D76-120D-4E01-8CF6-C40421208374}.Debug|Any CPU.Build.0 = Debug|Any CPU
		{D8707D76-120D-4E01-8CF6-C40421208374}.Release|Any CPU.ActiveCfg = Release|Any CPU
		{D8707D76-120D-4E01-8CF6-C40421208374}.Release|Any CPU.Build.0 = Release|Any CPU
		{1972E1E5-4F20-4DA3-97FF-4A58E5A7E2DC}.Debug|Any CPU.ActiveCfg = Debug|Any CPU
		{1972E1E5-4F20-4DA3-97FF-4A58E5A7E2DC}.Debug|Any CPU.Build.0 = Debug|Any CPU
		{1972E1E5-4F20-4DA3-97FF-4A58E5A7E2DC}.Release|Any CPU.ActiveCfg = Release|Any CPU
		{1972E1E5-4F20-4DA3-97FF-4A58E5A7E2DC}.Release|Any CPU.Build.0 = Release|Any CPU
		{E6526226-9CF5-45B4-AC61-3490DF9FEB01}.Debug|Any CPU.ActiveCfg = Debug|Any CPU
		{E6526226-9CF5-45B4-AC61-3490DF9FEB01}.Debug|Any CPU.Build.0 = Debug|Any CPU
		{E6526226-9CF5-45B4-AC61-3490DF9FEB01}.Release|Any CPU.ActiveCfg = Release|Any CPU
		{E6526226-9CF5-45B4-AC61-3490DF9FEB01}.Release|Any CPU.Build.0 = Release|Any CPU
		{29770EC3-3247-433B-B08C-A01CE4179537}.Debug|Any CPU.ActiveCfg = Debug|Any CPU
		{29770EC3-3247-433B-B08C-A01CE4179537}.Debug|Any CPU.Build.0 = Debug|Any CPU
		{29770EC3-3247-433B-B08C-A01CE4179537}.Release|Any CPU.ActiveCfg = Release|Any CPU
		{29770EC3-3247-433B-B08C-A01CE4179537}.Release|Any CPU.Build.0 = Release|Any CPU
		{ECE3F433-CA63-412D-8926-0C2E5D980972}.Debug|Any CPU.ActiveCfg = Debug|Any CPU
		{ECE3F433-CA63-412D-8926-0C2E5D980972}.Debug|Any CPU.Build.0 = Debug|Any CPU
		{ECE3F433-CA63-412D-8926-0C2E5D980972}.Release|Any CPU.ActiveCfg = Release|Any CPU
		{ECE3F433-CA63-412D-8926-0C2E5D980972}.Release|Any CPU.Build.0 = Release|Any CPU
		{1CA92199-D3B6-4FBB-A5E1-083C16ED6105}.Debug|Any CPU.ActiveCfg = Debug|Any CPU
		{1CA92199-D3B6-4FBB-A5E1-083C16ED6105}.Debug|Any CPU.Build.0 = Debug|Any CPU
		{1CA92199-D3B6-4FBB-A5E1-083C16ED6105}.Release|Any CPU.ActiveCfg = Release|Any CPU
		{1CA92199-D3B6-4FBB-A5E1-083C16ED6105}.Release|Any CPU.Build.0 = Release|Any CPU
		{6CE0EBBF-DCB4-4B2D-B54E-129BE26C9CAD}.Debug|Any CPU.ActiveCfg = Debug|Any CPU
		{6CE0EBBF-DCB4-4B2D-B54E-129BE26C9CAD}.Debug|Any CPU.Build.0 = Debug|Any CPU
		{6CE0EBBF-DCB4-4B2D-B54E-129BE26C9CAD}.Release|Any CPU.ActiveCfg = Release|Any CPU
		{6CE0EBBF-DCB4-4B2D-B54E-129BE26C9CAD}.Release|Any CPU.Build.0 = Release|Any CPU
		{276F1FAA-7BD7-4330-AA84-6CD6F9D2A047}.Debug|Any CPU.ActiveCfg = Debug|Any CPU
		{276F1FAA-7BD7-4330-AA84-6CD6F9D2A047}.Debug|Any CPU.Build.0 = Debug|Any CPU
		{276F1FAA-7BD7-4330-AA84-6CD6F9D2A047}.Release|Any CPU.ActiveCfg = Release|Any CPU
		{276F1FAA-7BD7-4330-AA84-6CD6F9D2A047}.Release|Any CPU.Build.0 = Release|Any CPU
		{24FCDDF3-2F80-42EC-AFCB-31F29E403C00}.Debug|Any CPU.ActiveCfg = Debug|Any CPU
		{24FCDDF3-2F80-42EC-AFCB-31F29E403C00}.Debug|Any CPU.Build.0 = Debug|Any CPU
		{24FCDDF3-2F80-42EC-AFCB-31F29E403C00}.Release|Any CPU.ActiveCfg = Release|Any CPU
		{24FCDDF3-2F80-42EC-AFCB-31F29E403C00}.Release|Any CPU.Build.0 = Release|Any CPU
		{E28ACEFD-B863-4D44-9680-10605BEC1C0D}.Debug|Any CPU.ActiveCfg = Debug|Any CPU
		{E28ACEFD-B863-4D44-9680-10605BEC1C0D}.Debug|Any CPU.Build.0 = Debug|Any CPU
		{E28ACEFD-B863-4D44-9680-10605BEC1C0D}.Release|Any CPU.ActiveCfg = Release|Any CPU
		{E28ACEFD-B863-4D44-9680-10605BEC1C0D}.Release|Any CPU.Build.0 = Release|Any CPU
		{F3CDD49E-0755-425D-96DD-AAC47C09C93C}.Debug|Any CPU.ActiveCfg = Debug|Any CPU
		{F3CDD49E-0755-425D-96DD-AAC47C09C93C}.Debug|Any CPU.Build.0 = Debug|Any CPU
		{F3CDD49E-0755-425D-96DD-AAC47C09C93C}.Release|Any CPU.ActiveCfg = Release|Any CPU
		{F3CDD49E-0755-425D-96DD-AAC47C09C93C}.Release|Any CPU.Build.0 = Release|Any CPU
		{E403D8F1-F80A-440D-9E0E-DF4A3C8715DE}.Debug|Any CPU.ActiveCfg = Debug|Any CPU
		{E403D8F1-F80A-440D-9E0E-DF4A3C8715DE}.Debug|Any CPU.Build.0 = Debug|Any CPU
		{E403D8F1-F80A-440D-9E0E-DF4A3C8715DE}.Release|Any CPU.ActiveCfg = Release|Any CPU
		{E403D8F1-F80A-440D-9E0E-DF4A3C8715DE}.Release|Any CPU.Build.0 = Release|Any CPU
	EndGlobalSection
	GlobalSection(SolutionProperties) = preSolution
		HideSolutionNode = FALSE
	EndGlobalSection
	GlobalSection(NestedProjects) = preSolution
		{966AEA0E-024D-4DDB-B71D-6B2F7DA2A1F4} = {6E01F47F-3F02-4081-A4A8-72D19EDBA0EA}
		{6C114F02-C265-47F9-8F39-F81B6B120069} = {6E01F47F-3F02-4081-A4A8-72D19EDBA0EA}
		{BD4E2145-A175-4337-B619-F7B36E119DBD} = {6E01F47F-3F02-4081-A4A8-72D19EDBA0EA}
		{7B12A760-212F-4AAA-97DA-72D518FA67C8} = {A93905C7-C705-44F2-B012-A514D9F932F1}
		{C552C5CC-60F6-4B9D-973D-B5FEFD3E9BB1} = {A93905C7-C705-44F2-B012-A514D9F932F1}
		{CBCE9832-728F-4C36-B9E2-F313A83129B3} = {A93905C7-C705-44F2-B012-A514D9F932F1}
		{84228EE8-0235-4BEA-965E-23BDD18AFDF9} = {D2E6E0A0-AA17-4124-B562-4B9E350F7E62}
		{94B018B4-0318-4D52-B403-2FC0308F6C98} = {D2E6E0A0-AA17-4124-B562-4B9E350F7E62}
		{42A712E6-B81B-4902-8178-4A6FB2B0E61B} = {D2E6E0A0-AA17-4124-B562-4B9E350F7E62}
		{D8707D76-120D-4E01-8CF6-C40421208374} = {4AD758D3-52DC-408C-B9EB-203E9E85322D}
		{1972E1E5-4F20-4DA3-97FF-4A58E5A7E2DC} = {4AD758D3-52DC-408C-B9EB-203E9E85322D}
		{E6526226-9CF5-45B4-AC61-3490DF9FEB01} = {4AD758D3-52DC-408C-B9EB-203E9E85322D}
		{29770EC3-3247-433B-B08C-A01CE4179537} = {B8D12CF8-5ED3-4529-8366-F083632832D9}
		{ECE3F433-CA63-412D-8926-0C2E5D980972} = {B8D12CF8-5ED3-4529-8366-F083632832D9}
		{1CA92199-D3B6-4FBB-A5E1-083C16ED6105} = {B8D12CF8-5ED3-4529-8366-F083632832D9}
		{6CE0EBBF-DCB4-4B2D-B54E-129BE26C9CAD} = {1575A937-5C50-4B54-9293-93C9B5A425A2}
		{276F1FAA-7BD7-4330-AA84-6CD6F9D2A047} = {1575A937-5C50-4B54-9293-93C9B5A425A2}
		{24FCDDF3-2F80-42EC-AFCB-31F29E403C00} = {1575A937-5C50-4B54-9293-93C9B5A425A2}
		{E28ACEFD-B863-4D44-9680-10605BEC1C0D} = {47240A12-6B00-4741-813A-C8C24FA19D09}
		{F3CDD49E-0755-425D-96DD-AAC47C09C93C} = {47240A12-6B00-4741-813A-C8C24FA19D09}
		{E403D8F1-F80A-440D-9E0E-DF4A3C8715DE} = {47240A12-6B00-4741-813A-C8C24FA19D09}
	EndGlobalSection
	GlobalSection(ExtensibilityGlobals) = postSolution
		SolutionGuid = {19A0A517-5D5E-4BED-820F-E39E7FCBAD04}
	EndGlobalSection
EndGlobal
